
Microsoft Visual Studio Solution File, Format Version 12.00
# Visual Studio Version 17
VisualStudioVersion = 17.10.34916.146
MinimumVisualStudioVersion = 10.0.40219.1
Project("{FAE04EC0-301F-11D3-BF4B-00C04F79EFBC}") = "tp-cuastrimestral-equipo15", "tp-cuastrimestral-equipo15.csproj", "{8573757E-EBE3-4148-9257-6C924150A5EC}"
EndProject
Project("{FAE04EC0-301F-11D3-BF4B-00C04F79EFBC}") = "Dominio", "..\Dominio\Dominio.csproj", "{1A9DA032-CE80-4396-909B-07CAE5A6C078}"
EndProject
Project("{FAE04EC0-301F-11D3-BF4B-00C04F79EFBC}") = "Moodle", "..\Moodle\Moodle.csproj", "{240EAE19-A9DD-4DD9-810A-7225F3232541}"
EndProject
Project("{FAE04EC0-301F-11D3-BF4B-00C04F79EFBC}") = "Negocio", "..\Negocio\Negocio.csproj", "{7A0A7F89-01F1-4EB6-BF1E-537006BC2F17}"
EndProject
Global
	GlobalSection(SolutionConfigurationPlatforms) = preSolution
		Debug|Any CPU = Debug|Any CPU
		Release|Any CPU = Release|Any CPU
	EndGlobalSection
	GlobalSection(ProjectConfigurationPlatforms) = postSolution
		{8573757E-EBE3-4148-9257-6C924150A5EC}.Debug|Any CPU.ActiveCfg = Debug|Any CPU
		{8573757E-EBE3-4148-9257-6C924150A5EC}.Debug|Any CPU.Build.0 = Debug|Any CPU
		{8573757E-EBE3-4148-9257-6C924150A5EC}.Release|Any CPU.ActiveCfg = Release|Any CPU
		{8573757E-EBE3-4148-9257-6C924150A5EC}.Release|Any CPU.Build.0 = Release|Any CPU
		{1A9DA032-CE80-4396-909B-07CAE5A6C078}.Debug|Any CPU.ActiveCfg = Debug|Any CPU
		{1A9DA032-CE80-4396-909B-07CAE5A6C078}.Debug|Any CPU.Build.0 = Debug|Any CPU
		{1A9DA032-CE80-4396-909B-07CAE5A6C078}.Release|Any CPU.ActiveCfg = Release|Any CPU
		{1A9DA032-CE80-4396-909B-07CAE5A6C078}.Release|Any CPU.Build.0 = Release|Any CPU
		{240EAE19-A9DD-4DD9-810A-7225F3232541}.Debug|Any CPU.ActiveCfg = Debug|Any CPU
		{240EAE19-A9DD-4DD9-810A-7225F3232541}.Debug|Any CPU.Build.0 = Debug|Any CPU
		{240EAE19-A9DD-4DD9-810A-7225F3232541}.Release|Any CPU.ActiveCfg = Release|Any CPU
		{240EAE19-A9DD-4DD9-810A-7225F3232541}.Release|Any CPU.Build.0 = Release|Any CPU
		{7A0A7F89-01F1-4EB6-BF1E-537006BC2F17}.Debug|Any CPU.ActiveCfg = Debug|Any CPU
		{7A0A7F89-01F1-4EB6-BF1E-537006BC2F17}.Debug|Any CPU.Build.0 = Debug|Any CPU
		{7A0A7F89-01F1-4EB6-BF1E-537006BC2F17}.Release|Any CPU.ActiveCfg = Release|Any CPU
		{7A0A7F89-01F1-4EB6-BF1E-537006BC2F17}.Release|Any CPU.Build.0 = Release|Any CPU
	EndGlobalSection
	GlobalSection(SolutionProperties) = preSolution
		HideSolutionNode = FALSE
	EndGlobalSection
	GlobalSection(ExtensibilityGlobals) = postSolution
		SolutionGuid = {E1491257-0CB7-444E-88C9-B93DFF82AA16}
	EndGlobalSection
EndGlobal
